// !$*UTF8*$!
{
	archiveVersion = 1;
	classes = {
	};
	objectVersion = 50;
	objects = {

/* Begin PBXBuildFile section */
		4451B0BA249CFE9A005C55C5 /* CompanyCategoryTableViewController.swift in Sources */ = {isa = PBXBuildFile; fileRef = 4451B0B9249CFE9A005C55C5 /* CompanyCategoryTableViewController.swift */; };
		44B11E75249B668800B8389A /* AppDelegate.swift in Sources */ = {isa = PBXBuildFile; fileRef = 44B11E74249B668800B8389A /* AppDelegate.swift */; };
		44B11E77249B668800B8389A /* SceneDelegate.swift in Sources */ = {isa = PBXBuildFile; fileRef = 44B11E76249B668800B8389A /* SceneDelegate.swift */; };
		44B11E79249B668800B8389A /* ViewController.swift in Sources */ = {isa = PBXBuildFile; fileRef = 44B11E78249B668800B8389A /* ViewController.swift */; };
		44B11E7C249B668800B8389A /* Main.storyboard in Resources */ = {isa = PBXBuildFile; fileRef = 44B11E7A249B668800B8389A /* Main.storyboard */; };
		44B11E7F249B668800B8389A /* Save_Using_CoreData.xcdatamodeld in Sources */ = {isa = PBXBuildFile; fileRef = 44B11E7D249B668800B8389A /* Save_Using_CoreData.xcdatamodeld */; };
		44B11E81249B668B00B8389A /* Assets.xcassets in Resources */ = {isa = PBXBuildFile; fileRef = 44B11E80249B668B00B8389A /* Assets.xcassets */; };
		44B11E84249B668B00B8389A /* LaunchScreen.storyboard in Resources */ = {isa = PBXBuildFile; fileRef = 44B11E82249B668B00B8389A /* LaunchScreen.storyboard */; };
/* End PBXBuildFile section */

/* Begin PBXFileReference section */
		4451B0B9249CFE9A005C55C5 /* CompanyCategoryTableViewController.swift */ = {isa = PBXFileReference; lastKnownFileType = sourcecode.swift; path = CompanyCategoryTableViewController.swift; sourceTree = "<group>"; };
		44B11E71249B668800B8389A /* Save Using CoreData.app */ = {isa = PBXFileReference; explicitFileType = wrapper.application; includeInIndex = 0; path = "Save Using CoreData.app"; sourceTree = BUILT_PRODUCTS_DIR; };
		44B11E74249B668800B8389A /* AppDelegate.swift */ = {isa = PBXFileReference; lastKnownFileType = sourcecode.swift; path = AppDelegate.swift; sourceTree = "<group>"; };
		44B11E76249B668800B8389A /* SceneDelegate.swift */ = {isa = PBXFileReference; lastKnownFileType = sourcecode.swift; path = SceneDelegate.swift; sourceTree = "<group>"; };
		44B11E78249B668800B8389A /* ViewController.swift */ = {isa = PBXFileReference; lastKnownFileType = sourcecode.swift; path = ViewController.swift; sourceTree = "<group>"; };
		44B11E7B249B668800B8389A /* Base */ = {isa = PBXFileReference; lastKnownFileType = file.storyboard; name = Base; path = Base.lproj/Main.storyboard; sourceTree = "<group>"; };
		44B11E7E249B668800B8389A /* Save_Using_CoreData.xcdatamodel */ = {isa = PBXFileReference; lastKnownFileType = wrapper.xcdatamodel; path = Save_Using_CoreData.xcdatamodel; sourceTree = "<group>"; };
		44B11E80249B668B00B8389A /* Assets.xcassets */ = {isa = PBXFileReference; lastKnownFileType = folder.assetcatalog; path = Assets.xcassets; sourceTree = "<group>"; };
		44B11E83249B668B00B8389A /* Base */ = {isa = PBXFileReference; lastKnownFileType = file.storyboard; name = Base; path = Base.lproj/LaunchScreen.storyboard; sourceTree = "<group>"; };
		44B11E85249B668B00B8389A /* Info.plist */ = {isa = PBXFileReference; lastKnownFileType = text.plist.xml; path = Info.plist; sourceTree = "<group>"; };
/* End PBXFileReference section */

/* Begin PBXFrameworksBuildPhase section */
		44B11E6E249B668800B8389A /* Frameworks */ = {
			isa = PBXFrameworksBuildPhase;
			buildActionMask = 2147483647;
			files = (
			);
			runOnlyForDeploymentPostprocessing = 0;
		};
/* End PBXFrameworksBuildPhase section */

/* Begin PBXGroup section */
		4451B0BB249D0B6D005C55C5 /* Controller */ = {
			isa = PBXGroup;
			children = (
				44B11E78249B668800B8389A /* ViewController.swift */,
				4451B0B9249CFE9A005C55C5 /* CompanyCategoryTableViewController.swift */,
			);
			path = Controller;
			sourceTree = "<group>";
		};
		4451B0BC249D0B7B005C55C5 /* View */ = {
			isa = PBXGroup;
			children = (
				44B11E7A249B668800B8389A /* Main.storyboard */,
			);
			path = View;
			sourceTree = "<group>";
		};
		4451B0BD249D0B88005C55C5 /* Model */ = {
			isa = PBXGroup;
			children = (
				44B11E7D249B668800B8389A /* Save_Using_CoreData.xcdatamodeld */,
			);
			path = Model;
			sourceTree = "<group>";
		};
		4451B0BE249D0BA6005C55C5 /* Supported Files */ = {
			isa = PBXGroup;
			children = (
				44B11E80249B668B00B8389A /* Assets.xcassets */,
				44B11E82249B668B00B8389A /* LaunchScreen.storyboard */,
			);
			path = "Supported Files";
			sourceTree = "<group>";
		};
		44B11E68249B668800B8389A = {
			isa = PBXGroup;
			children = (
				44B11E73249B668800B8389A /* Save Using CoreData */,
				44B11E72249B668800B8389A /* Products */,
			);
			sourceTree = "<group>";
		};
		44B11E72249B668800B8389A /* Products */ = {
			isa = PBXGroup;
			children = (
				44B11E71249B668800B8389A /* Save Using CoreData.app */,
			);
			name = Products;
			sourceTree = "<group>";
		};
		44B11E73249B668800B8389A /* Save Using CoreData */ = {
			isa = PBXGroup;
			children = (
				44B11E74249B668800B8389A /* AppDelegate.swift */,
				44B11E76249B668800B8389A /* SceneDelegate.swift */,
				4451B0BD249D0B88005C55C5 /* Model */,
				4451B0BC249D0B7B005C55C5 /* View */,
				4451B0BB249D0B6D005C55C5 /* Controller */,
				4451B0BE249D0BA6005C55C5 /* Supported Files */,
				44B11E85249B668B00B8389A /* Info.plist */,
			);
			path = "Save Using CoreData";
			sourceTree = "<group>";
		};
/* End PBXGroup section */

/* Begin PBXNativeTarget section */
		44B11E70249B668800B8389A /* Save Using CoreData */ = {
			isa = PBXNativeTarget;
			buildConfigurationList = 44B11E88249B668B00B8389A /* Build configuration list for PBXNativeTarget "Save Using CoreData" */;
			buildPhases = (
				44B11E6D249B668800B8389A /* Sources */,
				44B11E6E249B668800B8389A /* Frameworks */,
				44B11E6F249B668800B8389A /* Resources */,
			);
			buildRules = (
			);
			dependencies = (
			);
			name = "Save Using CoreData";
			productName = "Save Using CoreData";
			productReference = 44B11E71249B668800B8389A /* Save Using CoreData.app */;
			productType = "com.apple.product-type.application";
		};
/* End PBXNativeTarget section */

/* Begin PBXProject section */
		44B11E69249B668800B8389A /* Project object */ = {
			isa = PBXProject;
			attributes = {
				LastSwiftUpdateCheck = 1150;
				LastUpgradeCheck = 1150;
				ORGANIZATIONNAME = "PARMJIT SINGH KHATTRA";
				TargetAttributes = {
					44B11E70249B668800B8389A = {
						CreatedOnToolsVersion = 11.5;
					};
				};
			};
			buildConfigurationList = 44B11E6C249B668800B8389A /* Build configuration list for PBXProject "Save Using CoreData" */;
			compatibilityVersion = "Xcode 9.3";
			developmentRegion = en;
			hasScannedForEncodings = 0;
			knownRegions = (
				en,
				Base,
			);
			mainGroup = 44B11E68249B668800B8389A;
			productRefGroup = 44B11E72249B668800B8389A /* Products */;
			projectDirPath = "";
			projectRoot = "";
			targets = (
				44B11E70249B668800B8389A /* Save Using CoreData */,
			);
		};
/* End PBXProject section */

/* Begin PBXResourcesBuildPhase section */
		44B11E6F249B668800B8389A /* Resources */ = {
			isa = PBXResourcesBuildPhase;
			buildActionMask = 2147483647;
			files = (
				44B11E84249B668B00B8389A /* LaunchScreen.storyboard in Resources */,
				44B11E81249B668B00B8389A /* Assets.xcassets in Resources */,
				44B11E7C249B668800B8389A /* Main.storyboard in Resources */,
			);
			runOnlyForDeploymentPostprocessing = 0;
		};
/* End PBXResourcesBuildPhase section */

/* Begin PBXSourcesBuildPhase section */
		44B11E6D249B668800B8389A /* Sources */ = {
			isa = PBXSourcesBuildPhase;
			buildActionMask = 2147483647;
			files = (
				44B11E7F249B668800B8389A /* Save_Using_CoreData.xcdatamodeld in Sources */,
				44B11E79249B668800B8389A /* ViewController.swift in Sources */,
				4451B0BA249CFE9A005C55C5 /* CompanyCategoryTableViewController.swift in Sources */,
				44B11E75249B668800B8389A /* AppDelegate.swift in Sources */,
				44B11E77249B668800B8389A /* SceneDelegate.swift in Sources */,
			);
			runOnlyForDeploymentPostprocessing = 0;
		};
/* End PBXSourcesBuildPhase section */

/* Begin PBXVariantGroup section */
		44B11E7A249B668800B8389A /* Main.storyboard */ = {
			isa = PBXVariantGroup;
			children = (
				44B11E7B249B668800B8389A /* Base */,
			);
			name = Main.storyboard;
			sourceTree = "<group>";
		};
		44B11E82249B668B00B8389A /* LaunchScreen.storyboard */ = {
			isa = PBXVariantGroup;
			children = (
				44B11E83249B668B00B8389A /* Base */,
			);
			name = LaunchScreen.storyboard;
			sourceTree = "<group>";
		};
/* End PBXVariantGroup section */

/* Begin XCBuildConfiguration section */
		44B11E86249B668B00B8389A /* Debug */ = {
			isa = XCBuildConfiguration;
			buildSettings = {
				ALWAYS_SEARCH_USER_PATHS = NO;
				CLANG_ANALYZER_NONNULL = YES;
				CLANG_ANALYZER_NUMBER_OBJECT_CONVERSION = YES_AGGRESSIVE;
				CLANG_CXX_LANGUAGE_STANDARD = "gnu++14";
				CLANG_CXX_LIBRARY = "libc++";
				CLANG_ENABLE_MODULES = YES;
				CLANG_ENABLE_OBJC_ARC = YES;
				CLANG_ENABLE_OBJC_WEAK = YES;
				CLANG_WARN_BLOCK_CAPTURE_AUTORELEASING = YES;
				CLANG_WARN_BOOL_CONVERSION = YES;
				CLANG_WARN_COMMA = YES;
				CLANG_WARN_CONSTANT_CONVERSION = YES;
				CLANG_WARN_DEPRECATED_OBJC_IMPLEMENTATIONS = YES;
				CLANG_WARN_DIRECT_OBJC_ISA_USAGE = YES_ERROR;
				CLANG_WARN_DOCUMENTATION_COMMENTS = YES;
				CLANG_WARN_EMPTY_BODY = YES;
				CLANG_WARN_ENUM_CONVERSION = YES;
				CLANG_WARN_INFINITE_RECURSION = YES;
				CLANG_WARN_INT_CONVERSION = YES;
				CLANG_WARN_NON_LITERAL_NULL_CONVERSION = YES;
				CLANG_WARN_OBJC_IMPLICIT_RETAIN_SELF = YES;
				CLANG_WARN_OBJC_LITERAL_CONVERSION = YES;
				CLANG_WARN_OBJC_ROOT_CLASS = YES_ERROR;
				CLANG_WARN_RANGE_LOOP_ANALYSIS = YES;
				CLANG_WARN_STRICT_PROTOTYPES = YES;
				CLANG_WARN_SUSPICIOUS_MOVE = YES;
				CLANG_WARN_UNGUARDED_AVAILABILITY = YES_AGGRESSIVE;
				CLANG_WARN_UNREACHABLE_CODE = YES;
				CLANG_WARN__DUPLICATE_METHOD_MATCH = YES;
				COPY_PHASE_STRIP = NO;
				DEBUG_INFORMATION_FORMAT = dwarf;
				ENABLE_STRICT_OBJC_MSGSEND = YES;
				ENABLE_TESTABILITY = YES;
				GCC_C_LANGUAGE_STANDARD = gnu11;
				GCC_DYNAMIC_NO_PIC = NO;
				GCC_NO_COMMON_BLOCKS = YES;
				GCC_OPTIMIZATION_LEVEL = 0;
				GCC_PREPROCESSOR_DEFINITIONS = (
					"DEBUG=1",
					"$(inherited)",
				);
				GCC_WARN_64_TO_32_BIT_CONVERSION = YES;
				GCC_WARN_ABOUT_RETURN_TYPE = YES_ERROR;
				GCC_WARN_UNDECLARED_SELECTOR = YES;
				GCC_WARN_UNINITIALIZED_AUTOS = YES_AGGRESSIVE;
				GCC_WARN_UNUSED_FUNCTION = YES;
				GCC_WARN_UNUSED_VARIABLE = YES;
				IPHONEOS_DEPLOYMENT_TARGET = 13.5;
				MTL_ENABLE_DEBUG_INFO = INCLUDE_SOURCE;
				MTL_FAST_MATH = YES;
				ONLY_ACTIVE_ARCH = YES;
				SDKROOT = iphoneos;
				SWIFT_ACTIVE_COMPILATION_CONDITIONS = DEBUG;
				SWIFT_OPTIMIZATION_LEVEL = "-Onone";
			};
			name = Debug;
		};
		44B11E87249B668B00B8389A /* Release */ = {
			isa = XCBuildConfiguration;
			buildSettings = {
				ALWAYS_SEARCH_USER_PATHS = NO;
				CLANG_ANALYZER_NONNULL = YES;
				CLANG_ANALYZER_NUMBER_OBJECT_CONVERSION = YES_AGGRESSIVE;
				CLANG_CXX_LANGUAGE_STANDARD = "gnu++14";
				CLANG_CXX_LIBRARY = "libc++";
				CLANG_ENABLE_MODULES = YES;
				CLANG_ENABLE_OBJC_ARC = YES;
				CLANG_ENABLE_OBJC_WEAK = YES;
				CLANG_WARN_BLOCK_CAPTURE_AUTORELEASING = YES;
				CLANG_WARN_BOOL_CONVERSION = YES;
				CLANG_WARN_COMMA = YES;
				CLANG_WARN_CONSTANT_CONVERSION = YES;
				CLANG_WARN_DEPRECATED_OBJC_IMPLEMENTATIONS = YES;
				CLANG_WARN_DIRECT_OBJC_ISA_USAGE = YES_ERROR;
				CLANG_WARN_DOCUMENTATION_COMMENTS = YES;
				CLANG_WARN_EMPTY_BODY = YES;
				CLANG_WARN_ENUM_CONVERSION = YES;
				CLANG_WARN_INFINITE_RECURSION = YES;
				CLANG_WARN_INT_CONVERSION = YES;
				CLANG_WARN_NON_LITERAL_NULL_CONVERSION = YES;
				CLANG_WARN_OBJC_IMPLICIT_RETAIN_SELF = YES;
				CLANG_WARN_OBJC_LITERAL_CONVERSION = YES;
				CLANG_WARN_OBJC_ROOT_CLASS = YES_ERROR;
				CLANG_WARN_RANGE_LOOP_ANALYSIS = YES;
				CLANG_WARN_STRICT_PROTOTYPES = YES;
				CLANG_WARN_SUSPICIOUS_MOVE = YES;
				CLANG_WARN_UNGUARDED_AVAILABILITY = YES_AGGRESSIVE;
				CLANG_WARN_UNREACHABLE_CODE = YES;
				CLANG_WARN__DUPLICATE_METHOD_MATCH = YES;
				COPY_PHASE_STRIP = NO;
				DEBUG_INFORMATION_FORMAT = "dwarf-with-dsym";
				ENABLE_NS_ASSERTIONS = NO;
				ENABLE_STRICT_OBJC_MSGSEND = YES;
				GCC_C_LANGUAGE_STANDARD = gnu11;
				GCC_NO_COMMON_BLOCKS = YES;
				GCC_WARN_64_TO_32_BIT_CONVERSION = YES;
				GCC_WARN_ABOUT_RETURN_TYPE = YES_ERROR;
				GCC_WARN_UNDECLARED_SELECTOR = YES;
				GCC_WARN_UNINITIALIZED_AUTOS = YES_AGGRESSIVE;
				GCC_WARN_UNUSED_FUNCTION = YES;
				GCC_WARN_UNUSED_VARIABLE = YES;
				IPHONEOS_DEPLOYMENT_TARGET = 13.5;
				MTL_ENABLE_DEBUG_INFO = NO;
				MTL_FAST_MATH = YES;
				SDKROOT = iphoneos;
				SWIFT_COMPILATION_MODE = wholemodule;
				SWIFT_OPTIMIZATION_LEVEL = "-O";
				VALIDATE_PRODUCT = YES;
			};
			name = Release;
		};
		44B11E89249B668B00B8389A /* Debug */ = {
			isa = XCBuildConfiguration;
			buildSettings = {
				ASSETCATALOG_COMPILER_APPICON_NAME = AppIcon;
				CODE_SIGN_STYLE = Automatic;
				INFOPLIST_FILE = "Save Using CoreData/Info.plist";
				LD_RUNPATH_SEARCH_PATHS = (
					"$(inherited)",
					"@executable_path/Frameworks",
				);
				PRODUCT_BUNDLE_IDENTIFIER = "genesis.Save-Using-CoreData";
				PRODUCT_NAME = "$(TARGET_NAME)";
				SWIFT_VERSION = 5.0;
				TARGETED_DEVICE_FAMILY = "1,2";
			};
			name = Debug;
		};
		44B11E8A249B668B00B8389A /* Release */ = {
			isa = XCBuildConfiguration;
			buildSettings = {
				ASSETCATALOG_COMPILER_APPICON_NAME = AppIcon;
				CODE_SIGN_STYLE = Automatic;
				INFOPLIST_FILE = "Save Using CoreData/Info.plist";
				LD_RUNPATH_SEARCH_PATHS = (
					"$(inherited)",
					"@executable_path/Frameworks",
				);
				PRODUCT_BUNDLE_IDENTIFIER = "genesis.Save-Using-CoreData";
				PRODUCT_NAME = "$(TARGET_NAME)";
				SWIFT_VERSION = 5.0;
				TARGETED_DEVICE_FAMILY = "1,2";
			};
			name = Release;
		};
/* End XCBuildConfiguration section */

/* Begin XCConfigurationList section */
		44B11E6C249B668800B8389A /* Build configuration list for PBXProject "Save Using CoreData" */ = {
			isa = XCConfigurationList;
			buildConfigurations = (
				44B11E86249B668B00B8389A /* Debug */,
				44B11E87249B668B00B8389A /* Release */,
			);
			defaultConfigurationIsVisible = 0;
			defaultConfigurationName = Release;
		};
		44B11E88249B668B00B8389A /* Build configuration list for PBXNativeTarget "Save Using CoreData" */ = {
			isa = XCConfigurationList;
			buildConfigurations = (
				44B11E89249B668B00B8389A /* Debug */,
				44B11E8A249B668B00B8389A /* Release */,
			);
			defaultConfigurationIsVisible = 0;
			defaultConfigurationName = Release;
		};
/* End XCConfigurationList section */

/* Begin XCVersionGroup section */
		44B11E7D249B668800B8389A /* Save_Using_CoreData.xcdatamodeld */ = {
			isa = XCVersionGroup;
			children = (
				44B11E7E249B668800B8389A /* Save_Using_CoreData.xcdatamodel */,
			);
			currentVersion = 44B11E7E249B668800B8389A /* Save_Using_CoreData.xcdatamodel */;
			path = Save_Using_CoreData.xcdatamodeld;
			sourceTree = "<group>";
			versionGroupType = wrapper.xcdatamodel;
		};
/* End XCVersionGroup section */
	};
	rootObject = 44B11E69249B668800B8389A /* Project object */;
}
